{
  "name": "woodpile",
  "version": "0.0.3",
  "lockfileVersion": 2,
  "requires": true,
  "packages": {
    "": {
      "name": "woodpile",
      "version": "0.0.3",
      "license": "MIT",
      "devDependencies": {
        "@swc/core": "^1.3.71"
      }
    },
    "node_modules/@swc/core": {
      "version": "1.3.71",
      "resolved": "https://registry.npmjs.org/@swc/core/-/core-1.3.71.tgz",
      "integrity": "sha512-T8dqj+SV/S8laW/FGmKHhCGw1o4GRUvJ2jHfbYgEwiJpeutT9uavHvG02t39HJvObBJ52EZs/krGtni4U5928Q==",
      "dev": true,
      "hasInstallScript": true,
      "engines": {
        "node": ">=10"
      },
      "funding": {
        "type": "opencollective",
        "url": "https://opencollective.com/swc"
      },
      "optionalDependencies": {
        "@swc/core-darwin-arm64": "1.3.71",
        "@swc/core-darwin-x64": "1.3.71",
        "@swc/core-linux-arm-gnueabihf": "1.3.71",
        "@swc/core-linux-arm64-gnu": "1.3.71",
        "@swc/core-linux-arm64-musl": "1.3.71",
        "@swc/core-linux-x64-gnu": "1.3.71",
        "@swc/core-linux-x64-musl": "1.3.71",
        "@swc/core-win32-arm64-msvc": "1.3.71",
        "@swc/core-win32-ia32-msvc": "1.3.71",
        "@swc/core-win32-x64-msvc": "1.3.71"
      },
      "peerDependencies": {
        "@swc/helpers": "^0.5.0"
      },
      "peerDependenciesMeta": {
        "@swc/helpers": {
          "optional": true
        }
      }
    },
    "node_modules/@swc/core-darwin-arm64": {
      "version": "1.3.71",
      "resolved": "https://registry.npmjs.org/@swc/core-darwin-arm64/-/core-darwin-arm64-1.3.71.tgz",
      "integrity": "sha512-xOm0hDbcO2ShwQu1CjLtq3fwrG9AvhuE0s8vtBc8AsamYExHmR8bo6GQHJUtfPG1FVPk5a8xoQSd1fs09FQjLg==",
      "cpu": [
        "arm64"
      ],
      "dev": true,
      "optional": true,
      "os": [
        "darwin"
      ],
      "engines": {
        "node": ">=10"
      }
    },
    "node_modules/@swc/core-darwin-x64": {
      "version": "1.3.71",
      "resolved": "https://registry.npmjs.org/@swc/core-darwin-x64/-/core-darwin-x64-1.3.71.tgz",
      "integrity": "sha512-9sbDXBWgM22w/3Ll5kPhXMPkOiHRoqwMOyxLJBfGtIMnFlh5O+NRN3umRerK3pe4Q6/7hj2M5V+crEHYrXmuxg==",
      "cpu": [
        "x64"
      ],
      "dev": true,
      "optional": true,
      "os": [
        "darwin"
      ],
      "engines": {
        "node": ">=10"
      }
    },
    "node_modules/@swc/core-linux-arm-gnueabihf": {
      "version": "1.3.71",
      "resolved": "https://registry.npmjs.org/@swc/core-linux-arm-gnueabihf/-/core-linux-arm-gnueabihf-1.3.71.tgz",
      "integrity": "sha512-boKdMZsfKvhBs0FDeqH7KQj0lfYe0wCtrL1lv50oYMEeLajY9o4U5xSmc61Sg4HRXjlbR6dlM2cFfL84t7NpAA==",
      "cpu": [
        "arm"
      ],
      "dev": true,
      "optional": true,
      "os": [
        "linux"
      ],
      "engines": {
        "node": ">=10"
      }
    },
    "node_modules/@swc/core-linux-arm64-gnu": {
      "version": "1.3.71",
      "resolved": "https://registry.npmjs.org/@swc/core-linux-arm64-gnu/-/core-linux-arm64-gnu-1.3.71.tgz",
      "integrity": "sha512-yDatyHYMiOVwhyIA/LBwknPs2CUtLYWEMzPZjgLc+56PbgPs3oiEbNWeVUND5onPrfDQgK7NK1y8JeiXZqTgGQ==",
      "cpu": [
        "arm64"
      ],
      "dev": true,
      "optional": true,
      "os": [
        "linux"
      ],
      "engines": {
        "node": ">=10"
      }
    },
    "node_modules/@swc/core-linux-arm64-musl": {
      "version": "1.3.71",
      "resolved": "https://registry.npmjs.org/@swc/core-linux-arm64-musl/-/core-linux-arm64-musl-1.3.71.tgz",
      "integrity": "sha512-xAdCA0L/hoa0ULL5SR4sMZCxkWk7C90DOU7wJalNVG9qNWYICfq3G7AR0E9Ohphzqyahfb5QJED/nA7N0+XwbQ==",
      "cpu": [
        "arm64"
      ],
      "dev": true,
      "optional": true,
      "os": [
        "linux"
      ],
      "engines": {
        "node": ">=10"
      }
    },
    "node_modules/@swc/core-linux-x64-gnu": {
      "version": "1.3.71",
      "resolved": "https://registry.npmjs.org/@swc/core-linux-x64-gnu/-/core-linux-x64-gnu-1.3.71.tgz",
      "integrity": "sha512-j94qLXP/yqhu2afnABAq/xrJIU8TEqcNkp1TlsAeO3R2nVLYL1w4XX8GW71SPnXmd2bwF102c3Cfv/2ilf2y2A==",
      "cpu": [
        "x64"
      ],
      "dev": true,
      "optional": true,
      "os": [
        "linux"
      ],
      "engines": {
        "node": ">=10"
      }
    },
    "node_modules/@swc/core-linux-x64-musl": {
      "version": "1.3.71",
      "resolved": "https://registry.npmjs.org/@swc/core-linux-x64-musl/-/core-linux-x64-musl-1.3.71.tgz",
      "integrity": "sha512-YiyU848ql6dLlmt0BHccGAaZ36Cf61VzCAMDKID/gd72snvzWcMCHrwSRW0gEFNXHsjBJrmNl+SLYZHfqoGwUA==",
      "cpu": [
        "x64"
      ],
      "dev": true,
      "optional": true,
      "os": [
        "linux"
      ],
      "engines": {
        "node": ">=10"
      }
    },
    "node_modules/@swc/core-win32-arm64-msvc": {
      "version": "1.3.71",
      "resolved": "https://registry.npmjs.org/@swc/core-win32-arm64-msvc/-/core-win32-arm64-msvc-1.3.71.tgz",
      "integrity": "sha512-1UsJ+6hnIRe/PVdgDPexvgGaN4KpBncT/bAOqlWc9XC7KeBXAWcGA08LrPUz2Ei00DJXzR622IGZVEYOHNkUOw==",
      "cpu": [
        "arm64"
      ],
      "dev": true,
      "optional": true,
      "os": [
        "win32"
      ],
      "engines": {
        "node": ">=10"
      }
    },
    "node_modules/@swc/core-win32-ia32-msvc": {
      "version": "1.3.71",
      "resolved": "https://registry.npmjs.org/@swc/core-win32-ia32-msvc/-/core-win32-ia32-msvc-1.3.71.tgz",
      "integrity": "sha512-KnuI89+zojR9lDFELdQYZpxzPZ6pBfLwJfWTSGatnpL1ZHhIsV3tK1jwqIdJK1zkRxpBwc6p6FzSZdZwCSpnJw==",
      "cpu": [
        "ia32"
      ],
      "dev": true,
      "optional": true,
      "os": [
        "win32"
      ],
      "engines": {
        "node": ">=10"
      }
    },
    "node_modules/@swc/core-win32-x64-msvc": {
      "version": "1.3.71",
      "resolved": "https://registry.npmjs.org/@swc/core-win32-x64-msvc/-/core-win32-x64-msvc-1.3.71.tgz",
      "integrity": "sha512-Pcw7fFirpaBOZsU8fhO48ZCb7NxIjuLnLRPrHqWQ4Mapx1+w9ZNdGya2DKP9n8EAiUrJO20WDsrBNMT2MQSWkA==",
      "cpu": [
        "x64"
      ],
      "dev": true,
      "optional": true,
      "os": [
        "win32"
      ],
      "engines": {
        "node": ">=10"
      }
    }
  },
  "dependencies": {
    "@swc/core": {
      "version": "1.3.71",
      "resolved": "https://registry.npmjs.org/@swc/core/-/core-1.3.71.tgz",
      "integrity": "sha512-T8dqj+SV/S8laW/FGmKHhCGw1o4GRUvJ2jHfbYgEwiJpeutT9uavHvG02t39HJvObBJ52EZs/krGtni4U5928Q==",
      "dev": true,
      "requires": {
        "@swc/core-darwin-arm64": "1.3.71",
        "@swc/core-darwin-x64": "1.3.71",
        "@swc/core-linux-arm-gnueabihf": "1.3.71",
        "@swc/core-linux-arm64-gnu": "1.3.71",
        "@swc/core-linux-arm64-musl": "1.3.71",
        "@swc/core-linux-x64-gnu": "1.3.71",
        "@swc/core-linux-x64-musl": "1.3.71",
        "@swc/core-win32-arm64-msvc": "1.3.71",
        "@swc/core-win32-ia32-msvc": "1.3.71",
        "@swc/core-win32-x64-msvc": "1.3.71"
      }
    },
    "@swc/core-darwin-arm64": {
      "version": "1.3.71",
      "resolved": "https://registry.npmjs.org/@swc/core-darwin-arm64/-/core-darwin-arm64-1.3.71.tgz",
      "integrity": "sha512-xOm0hDbcO2ShwQu1CjLtq3fwrG9AvhuE0s8vtBc8AsamYExHmR8bo6GQHJUtfPG1FVPk5a8xoQSd1fs09FQjLg==",
      "dev": true,
      "optional": true
    },
    "@swc/core-darwin-x64": {
      "version": "1.3.71",
      "resolved": "https://registry.npmjs.org/@swc/core-darwin-x64/-/core-darwin-x64-1.3.71.tgz",
      "integrity": "sha512-9sbDXBWgM22w/3Ll5kPhXMPkOiHRoqwMOyxLJBfGtIMnFlh5O+NRN3umRerK3pe4Q6/7hj2M5V+crEHYrXmuxg==",
      "dev": true,
      "optional": true
    },
    "@swc/core-linux-arm-gnueabihf": {
      "version": "1.3.71",
      "resolved": "https://registry.npmjs.org/@swc/core-linux-arm-gnueabihf/-/core-linux-arm-gnueabihf-1.3.71.tgz",
      "integrity": "sha512-boKdMZsfKvhBs0FDeqH7KQj0lfYe0wCtrL1lv50oYMEeLajY9o4U5xSmc61Sg4HRXjlbR6dlM2cFfL84t7NpAA==",
      "dev": true,
      "optional": true
    },
    "@swc/core-linux-arm64-gnu": {
      "version": "1.3.71",
      "resolved": "https://registry.npmjs.org/@swc/core-linux-arm64-gnu/-/core-linux-arm64-gnu-1.3.71.tgz",
      "integrity": "sha512-yDatyHYMiOVwhyIA/LBwknPs2CUtLYWEMzPZjgLc+56PbgPs3oiEbNWeVUND5onPrfDQgK7NK1y8JeiXZqTgGQ==",
      "dev": true,
      "optional": true
    },
    "@swc/core-linux-arm64-musl": {
      "version": "1.3.71",
      "resolved": "https://registry.npmjs.org/@swc/core-linux-arm64-musl/-/core-linux-arm64-musl-1.3.71.tgz",
      "integrity": "sha512-xAdCA0L/hoa0ULL5SR4sMZCxkWk7C90DOU7wJalNVG9qNWYICfq3G7AR0E9Ohphzqyahfb5QJED/nA7N0+XwbQ==",
      "dev": true,
      "optional": true
    },
    "@swc/core-linux-x64-gnu": {
      "version": "1.3.71",
      "resolved": "https://registry.npmjs.org/@swc/core-linux-x64-gnu/-/core-linux-x64-gnu-1.3.71.tgz",
      "integrity": "sha512-j94qLXP/yqhu2afnABAq/xrJIU8TEqcNkp1TlsAeO3R2nVLYL1w4XX8GW71SPnXmd2bwF102c3Cfv/2ilf2y2A==",
      "dev": true,
      "optional": true
    },
    "@swc/core-linux-x64-musl": {
      "version": "1.3.71",
      "resolved": "https://registry.npmjs.org/@swc/core-linux-x64-musl/-/core-linux-x64-musl-1.3.71.tgz",
      "integrity": "sha512-YiyU848ql6dLlmt0BHccGAaZ36Cf61VzCAMDKID/gd72snvzWcMCHrwSRW0gEFNXHsjBJrmNl+SLYZHfqoGwUA==",
      "dev": true,
      "optional": true
    },
    "@swc/core-win32-arm64-msvc": {
      "version": "1.3.71",
      "resolved": "https://registry.npmjs.org/@swc/core-win32-arm64-msvc/-/core-win32-arm64-msvc-1.3.71.tgz",
      "integrity": "sha512-1UsJ+6hnIRe/PVdgDPexvgGaN4KpBncT/bAOqlWc9XC7KeBXAWcGA08LrPUz2Ei00DJXzR622IGZVEYOHNkUOw==",
      "dev": true,
      "optional": true
    },
    "@swc/core-win32-ia32-msvc": {
      "version": "1.3.71",
      "resolved": "https://registry.npmjs.org/@swc/core-win32-ia32-msvc/-/core-win32-ia32-msvc-1.3.71.tgz",
      "integrity": "sha512-KnuI89+zojR9lDFELdQYZpxzPZ6pBfLwJfWTSGatnpL1ZHhIsV3tK1jwqIdJK1zkRxpBwc6p6FzSZdZwCSpnJw==",
      "dev": true,
      "optional": true
    },
    "@swc/core-win32-x64-msvc": {
      "version": "1.3.71",
      "resolved": "https://registry.npmjs.org/@swc/core-win32-x64-msvc/-/core-win32-x64-msvc-1.3.71.tgz",
      "integrity": "sha512-Pcw7fFirpaBOZsU8fhO48ZCb7NxIjuLnLRPrHqWQ4Mapx1+w9ZNdGya2DKP9n8EAiUrJO20WDsrBNMT2MQSWkA==",
      "dev": true,
      "optional": true
    }
  }
}
